
Microsoft Visual Studio Solution File, Format Version 12.00
# Visual Studio Version 16
VisualStudioVersion = 16.0.31702.278
MinimumVisualStudioVersion = 10.0.40219.1
Project("{FAE04EC0-301F-11D3-BF4B-00C04F79EFBC}") = "WebServiceDeduct", "WebServiceDeduct\WebServiceDeduct.csproj", "{F3158924-1679-4B49-B96A-6A1386183812}"
EndProject
Global
	GlobalSection(SolutionConfigurationPlatforms) = preSolution
		Debug|Any CPU = Debug|Any CPU
		Release|Any CPU = Release|Any CPU
	EndGlobalSection
	GlobalSection(ProjectConfigurationPlatforms) = postSolution
		{F3158924-1679-4B49-B96A-6A1386183812}.Debug|Any CPU.ActiveCfg = Debug|Any CPU
		{F3158924-1679-4B49-B96A-6A1386183812}.Debug|Any CPU.Build.0 = Debug|Any CPU
		{F3158924-1679-4B49-B96A-6A1386183812}.Release|Any CPU.ActiveCfg = Release|Any CPU
		{F3158924-1679-4B49-B96A-6A1386183812}.Release|Any CPU.Build.0 = Release|Any CPU
	EndGlobalSection
	GlobalSection(SolutionProperties) = preSolution
		HideSolutionNode = FALSE
	EndGlobalSection
	GlobalSection(ExtensibilityGlobals) = postSolution
		SolutionGuid = {1A1E22F6-CEA7-4281-97F1-C0336F093852}
	EndGlobalSection
EndGlobal
