
Microsoft Visual Studio Solution File, Format Version 12.00
# Visual Studio Version 16
VisualStudioVersion = 16.0.31702.278
MinimumVisualStudioVersion = 10.0.40219.1
Project("{FAE04EC0-301F-11D3-BF4B-00C04F79EFBC}") = "WebServiceUpdate", "WebServiceUpdate\WebServiceUpdate.csproj", "{FCACAE6E-676D-4FEC-AEEC-967F4DB563BA}"
EndProject
Global
	GlobalSection(SolutionConfigurationPlatforms) = preSolution
		Debug|Any CPU = Debug|Any CPU
		Release|Any CPU = Release|Any CPU
	EndGlobalSection
	GlobalSection(ProjectConfigurationPlatforms) = postSolution
		{FCACAE6E-676D-4FEC-AEEC-967F4DB563BA}.Debug|Any CPU.ActiveCfg = Debug|Any CPU
		{FCACAE6E-676D-4FEC-AEEC-967F4DB563BA}.Debug|Any CPU.Build.0 = Debug|Any CPU
		{FCACAE6E-676D-4FEC-AEEC-967F4DB563BA}.Release|Any CPU.ActiveCfg = Release|Any CPU
		{FCACAE6E-676D-4FEC-AEEC-967F4DB563BA}.Release|Any CPU.Build.0 = Release|Any CPU
	EndGlobalSection
	GlobalSection(SolutionProperties) = preSolution
		HideSolutionNode = FALSE
	EndGlobalSection
	GlobalSection(ExtensibilityGlobals) = postSolution
		SolutionGuid = {4C9FB35D-DA2B-41A0-BD91-C3832A95657E}
	EndGlobalSection
EndGlobal
