
Microsoft Visual Studio Solution File, Format Version 12.00
# Visual Studio Version 16
VisualStudioVersion = 16.0.31702.278
MinimumVisualStudioVersion = 10.0.40219.1
Project("{FAE04EC0-301F-11D3-BF4B-00C04F79EFBC}") = "WebServiceTransaction", "WebServiceTransaction\WebServiceTransaction.csproj", "{9C0E29C3-0614-4601-BB47-66BC691A944E}"
EndProject
Global
	GlobalSection(SolutionConfigurationPlatforms) = preSolution
		Debug|Any CPU = Debug|Any CPU
		Release|Any CPU = Release|Any CPU
	EndGlobalSection
	GlobalSection(ProjectConfigurationPlatforms) = postSolution
		{9C0E29C3-0614-4601-BB47-66BC691A944E}.Debug|Any CPU.ActiveCfg = Debug|Any CPU
		{9C0E29C3-0614-4601-BB47-66BC691A944E}.Debug|Any CPU.Build.0 = Debug|Any CPU
		{9C0E29C3-0614-4601-BB47-66BC691A944E}.Release|Any CPU.ActiveCfg = Release|Any CPU
		{9C0E29C3-0614-4601-BB47-66BC691A944E}.Release|Any CPU.Build.0 = Release|Any CPU
	EndGlobalSection
	GlobalSection(SolutionProperties) = preSolution
		HideSolutionNode = FALSE
	EndGlobalSection
	GlobalSection(ExtensibilityGlobals) = postSolution
		SolutionGuid = {9A6EACF3-0FBF-4647-99EA-70C0C8ACBD57}
	EndGlobalSection
EndGlobal
